
Microsoft Visual Studio Solution File, Format Version 12.00
# Visual Studio 15
VisualStudioVersion = 15.0.28010.2036
MinimumVisualStudioVersion = 10.0.40219.1
Project("{FAE04EC0-301F-11D3-BF4B-00C04F79EFBC}") = "Mathics", "Mathics\Mathics.csproj", "{BFD2A802-0926-4B23-A15F-194975A0775A}"
EndProject
Global
	GlobalSection(SolutionConfigurationPlatforms) = preSolution
		Debug|Any CPU = Debug|Any CPU
		Release|Any CPU = Release|Any CPU
	EndGlobalSection
	GlobalSection(ProjectConfigurationPlatforms) = postSolution
		{BFD2A802-0926-4B23-A15F-194975A0775A}.Debug|Any CPU.ActiveCfg = Debug|Any CPU
		{BFD2A802-0926-4B23-A15F-194975A0775A}.Debug|Any CPU.Build.0 = Debug|Any CPU
		{BFD2A802-0926-4B23-A15F-194975A0775A}.Release|Any CPU.ActiveCfg = Release|Any CPU
		{BFD2A802-0926-4B23-A15F-194975A0775A}.Release|Any CPU.Build.0 = Release|Any CPU
	EndGlobalSection
	GlobalSection(SolutionProperties) = preSolution
		HideSolutionNode = FALSE
	EndGlobalSection
	GlobalSection(ExtensibilityGlobals) = postSolution
		SolutionGuid = {96A62AC0-944E-4ECB-88F3-EF8852F3D27A}
	EndGlobalSection
EndGlobal
